{"1.2.0",
[{<<"erl_csv">>,{pkg,<<"erl_csv">>,<<"0.3.2">>},0},
 {<<"jsx">>,{pkg,<<"jsx">>,<<"3.1.0">>},0}]}.
[
{pkg_hash,[
 {<<"erl_csv">>, <<"DD426DA177A3DF20C8E0AF3A769239D21B5C2A23D839AC9797A1CE99ADAFF277">>},
 {<<"jsx">>, <<"D12516BAA0BB23A59BB35DCCAF02A1BD08243FCBB9EFE24F2D9D056CCFF71268">>}]},
{pkg_hash_ext,[
 {<<"erl_csv">>, <<"D8DD047F039024C4F51B2E803710042299169B6ADB4D6B82B09FC98A81CA1456">>},
 {<<"jsx">>, <<"0C5CC8FDC11B53CC25CF65AC6705AD39E54ECC56D1C22E4ADB8F5A53FB9427F3">>}]}
].
